github.com/blues/jsonata-go v1.5.4 h1:XCsXaVVMrt4lcpKeJw6mNJHqQpWU751cnHdCFUq3xd8=
github.com/blues/jsonata-go v1.5.4/go.mod h1:uns2jymDrnI7y+UFYCqsRTEiAH22GyHnNXrkupAVFWI=
github.com/go-chi/chi/v5 v5.0.8 h1:lD+NLqFcAi1ovnVZpsnObHGW4xb4J8lNmoYVfECH1Y0=
github.com/go-chi/chi/v5 v5.0.8/go.mod h1:DslCQbL2OYiznFReuXYUmQ2hGd1aDpCnlMNITLSKoi8=
